
Microsoft Visual Studio Solution File, Format Version 12.00
# Visual Studio Version 17
VisualStudioVersion = 17.9.34616.47
MinimumVisualStudioVersion = 10.0.40219.1
Project("{8BC9CEB8-8B4A-11D0-8D11-00A0C91BC942}") = "Activity Struct", "Activity Struct\Activity Struct.vcxproj", "{7AD73202-9394-4C71-8435-1F26859B3B9E}"
EndProject
Project("{8BC9CEB8-8B4A-11D0-8D11-00A0C91BC942}") = "Struct2", "Struct2\Struct2.vcxproj", "{574540F7-5875-4141-9260-2702861C7EA4}"
EndProject
Project("{8BC9CEB8-8B4A-11D0-8D11-00A0C91BC942}") = "Struct3", "Struct3\Struct3.vcxproj", "{07AF1825-B064-4EB5-8279-E9EEA891BDAD}"
EndProject
Project("{8BC9CEB8-8B4A-11D0-8D11-00A0C91BC942}") = "Struct4", "Struct4\Struct4.vcxproj", "{BF900346-679E-456C-B9E3-7C0F29410593}"
EndProject
Global
	GlobalSection(SolutionConfigurationPlatforms) = preSolution
		Debug|x64 = Debug|x64
		Debug|x86 = Debug|x86
		Release|x64 = Release|x64
		Release|x86 = Release|x86
	EndGlobalSection
	GlobalSection(ProjectConfigurationPlatforms) = postSolution
		{7AD73202-9394-4C71-8435-1F26859B3B9E}.Debug|x64.ActiveCfg = Debug|x64
		{7AD73202-9394-4C71-8435-1F26859B3B9E}.Debug|x64.Build.0 = Debug|x64
		{7AD73202-9394-4C71-8435-1F26859B3B9E}.Debug|x86.ActiveCfg = Debug|Win32
		{7AD73202-9394-4C71-8435-1F26859B3B9E}.Debug|x86.Build.0 = Debug|Win32
		{7AD73202-9394-4C71-8435-1F26859B3B9E}.Release|x64.ActiveCfg = Release|x64
		{7AD73202-9394-4C71-8435-1F26859B3B9E}.Release|x64.Build.0 = Release|x64
		{7AD73202-9394-4C71-8435-1F26859B3B9E}.Release|x86.ActiveCfg = Release|Win32
		{7AD73202-9394-4C71-8435-1F26859B3B9E}.Release|x86.Build.0 = Release|Win32
		{574540F7-5875-4141-9260-2702861C7EA4}.Debug|x64.ActiveCfg = Debug|x64
		{574540F7-5875-4141-9260-2702861C7EA4}.Debug|x64.Build.0 = Debug|x64
		{574540F7-5875-4141-9260-2702861C7EA4}.Debug|x86.ActiveCfg = Debug|Win32
		{574540F7-5875-4141-9260-2702861C7EA4}.Debug|x86.Build.0 = Debug|Win32
		{574540F7-5875-4141-9260-2702861C7EA4}.Release|x64.ActiveCfg = Release|x64
		{574540F7-5875-4141-9260-2702861C7EA4}.Release|x64.Build.0 = Release|x64
		{574540F7-5875-4141-9260-2702861C7EA4}.Release|x86.ActiveCfg = Release|Win32
		{574540F7-5875-4141-9260-2702861C7EA4}.Release|x86.Build.0 = Release|Win32
		{07AF1825-B064-4EB5-8279-E9EEA891BDAD}.Debug|x64.ActiveCfg = Debug|x64
		{07AF1825-B064-4EB5-8279-E9EEA891BDAD}.Debug|x64.Build.0 = Debug|x64
		{07AF1825-B064-4EB5-8279-E9EEA891BDAD}.Debug|x86.ActiveCfg = Debug|Win32
		{07AF1825-B064-4EB5-8279-E9EEA891BDAD}.Debug|x86.Build.0 = Debug|Win32
		{07AF1825-B064-4EB5-8279-E9EEA891BDAD}.Release|x64.ActiveCfg = Release|x64
		{07AF1825-B064-4EB5-8279-E9EEA891BDAD}.Release|x64.Build.0 = Release|x64
		{07AF1825-B064-4EB5-8279-E9EEA891BDAD}.Release|x86.ActiveCfg = Release|Win32
		{07AF1825-B064-4EB5-8279-E9EEA891BDAD}.Release|x86.Build.0 = Release|Win32
		{BF900346-679E-456C-B9E3-7C0F29410593}.Debug|x64.ActiveCfg = Debug|x64
		{BF900346-679E-456C-B9E3-7C0F29410593}.Debug|x64.Build.0 = Debug|x64
		{BF900346-679E-456C-B9E3-7C0F29410593}.Debug|x86.ActiveCfg = Debug|Win32
		{BF900346-679E-456C-B9E3-7C0F29410593}.Debug|x86.Build.0 = Debug|Win32
		{BF900346-679E-456C-B9E3-7C0F29410593}.Release|x64.ActiveCfg = Release|x64
		{BF900346-679E-456C-B9E3-7C0F29410593}.Release|x64.Build.0 = Release|x64
		{BF900346-679E-456C-B9E3-7C0F29410593}.Release|x86.ActiveCfg = Release|Win32
		{BF900346-679E-456C-B9E3-7C0F29410593}.Release|x86.Build.0 = Release|Win32
	EndGlobalSection
	GlobalSection(SolutionProperties) = preSolution
		HideSolutionNode = FALSE
	EndGlobalSection
	GlobalSection(ExtensibilityGlobals) = postSolution
		SolutionGuid = {CA938FA9-314B-4EB0-ADF1-4719E7AA7952}
	EndGlobalSection
EndGlobal
